
Microsoft Visual Studio Solution File, Format Version 12.00
# Visual Studio Version 16
VisualStudioVersion = 16.0.30907.101
MinimumVisualStudioVersion = 10.0.40219.1
Project("{2150E333-8FDC-42A3-9474-1A3956D46DE8}") = "Common", "Common", "{89D3C9E2-B3BF-4D05-83E3-6EEE47779DC5}"
EndProject
Project("{2150E333-8FDC-42A3-9474-1A3956D46DE8}") = "Services", "Services", "{8C23E4D0-901D-451E-99A5-ECA0ADFF9DB9}"
EndProject
Project("{2150E333-8FDC-42A3-9474-1A3956D46DE8}") = "UI", "UI", "{05FA58EB-34F3-45F3-BFE7-EFF1A083F79F}"
EndProject
Project("{9A19103F-16F7-4668-BE54-9A1E7A4F7556}") = "WebStore.Domain", "Common\WebStore.Domain\WebStore.Domain.csproj", "{8D26A90B-80E9-4C89-80AC-ADF5F49BA40B}"
EndProject
Project("{9A19103F-16F7-4668-BE54-9A1E7A4F7556}") = "WebStore.DAL", "Services\WebStore.DAL\WebStore.DAL.csproj", "{01277672-2D01-43A2-BC09-08B69A6C9787}"
EndProject
Project("{9A19103F-16F7-4668-BE54-9A1E7A4F7556}") = "WebStore.DAL.Sqlite", "Services\WebStore.DAL.Sqlite\WebStore.DAL.Sqlite.csproj", "{10D7740A-0D2F-4BF7-A434-F10C8B50FFE8}"
EndProject
Project("{9A19103F-16F7-4668-BE54-9A1E7A4F7556}") = "WebStore", "UI\WebStore\WebStore.csproj", "{2418DFF1-B5E0-477E-B628-A43ACEA436D3}"
EndProject
Project("{9A19103F-16F7-4668-BE54-9A1E7A4F7556}") = "WebStore.Interfaces", "Services\WebStore.Interfaces\WebStore.Interfaces.csproj", "{8DEE76DF-02AB-4674-817E-87569915C995}"
EndProject
Project("{9A19103F-16F7-4668-BE54-9A1E7A4F7556}") = "WebStore.Services", "Services\WebStore.Services\WebStore.Services.csproj", "{91BF1A45-818F-4568-921C-BADEF5B8465C}"
EndProject
Project("{FAE04EC0-301F-11D3-BF4B-00C04F79EFBC}") = "WebStore.ServicesHosting", "Services\WebStore.ServicesHosting\WebStore.ServicesHosting.csproj", "{A9F9B9F0-8B88-4D93-89F8-6ECD4A33F073}"
EndProject
Global
	GlobalSection(SolutionConfigurationPlatforms) = preSolution
		Debug|Any CPU = Debug|Any CPU
		Release|Any CPU = Release|Any CPU
	EndGlobalSection
	GlobalSection(ProjectConfigurationPlatforms) = postSolution
		{8D26A90B-80E9-4C89-80AC-ADF5F49BA40B}.Debug|Any CPU.ActiveCfg = Debug|Any CPU
		{8D26A90B-80E9-4C89-80AC-ADF5F49BA40B}.Debug|Any CPU.Build.0 = Debug|Any CPU
		{8D26A90B-80E9-4C89-80AC-ADF5F49BA40B}.Release|Any CPU.ActiveCfg = Release|Any CPU
		{8D26A90B-80E9-4C89-80AC-ADF5F49BA40B}.Release|Any CPU.Build.0 = Release|Any CPU
		{01277672-2D01-43A2-BC09-08B69A6C9787}.Debug|Any CPU.ActiveCfg = Debug|Any CPU
		{01277672-2D01-43A2-BC09-08B69A6C9787}.Debug|Any CPU.Build.0 = Debug|Any CPU
		{01277672-2D01-43A2-BC09-08B69A6C9787}.Release|Any CPU.ActiveCfg = Release|Any CPU
		{01277672-2D01-43A2-BC09-08B69A6C9787}.Release|Any CPU.Build.0 = Release|Any CPU
		{10D7740A-0D2F-4BF7-A434-F10C8B50FFE8}.Debug|Any CPU.ActiveCfg = Debug|Any CPU
		{10D7740A-0D2F-4BF7-A434-F10C8B50FFE8}.Debug|Any CPU.Build.0 = Debug|Any CPU
		{10D7740A-0D2F-4BF7-A434-F10C8B50FFE8}.Release|Any CPU.ActiveCfg = Release|Any CPU
		{10D7740A-0D2F-4BF7-A434-F10C8B50FFE8}.Release|Any CPU.Build.0 = Release|Any CPU
		{2418DFF1-B5E0-477E-B628-A43ACEA436D3}.Debug|Any CPU.ActiveCfg = Debug|Any CPU
		{2418DFF1-B5E0-477E-B628-A43ACEA436D3}.Debug|Any CPU.Build.0 = Debug|Any CPU
		{2418DFF1-B5E0-477E-B628-A43ACEA436D3}.Release|Any CPU.ActiveCfg = Release|Any CPU
		{2418DFF1-B5E0-477E-B628-A43ACEA436D3}.Release|Any CPU.Build.0 = Release|Any CPU
		{8DEE76DF-02AB-4674-817E-87569915C995}.Debug|Any CPU.ActiveCfg = Debug|Any CPU
		{8DEE76DF-02AB-4674-817E-87569915C995}.Debug|Any CPU.Build.0 = Debug|Any CPU
		{8DEE76DF-02AB-4674-817E-87569915C995}.Release|Any CPU.ActiveCfg = Release|Any CPU
		{8DEE76DF-02AB-4674-817E-87569915C995}.Release|Any CPU.Build.0 = Release|Any CPU
		{91BF1A45-818F-4568-921C-BADEF5B8465C}.Debug|Any CPU.ActiveCfg = Debug|Any CPU
		{91BF1A45-818F-4568-921C-BADEF5B8465C}.Debug|Any CPU.Build.0 = Debug|Any CPU
		{91BF1A45-818F-4568-921C-BADEF5B8465C}.Release|Any CPU.ActiveCfg = Release|Any CPU
		{91BF1A45-818F-4568-921C-BADEF5B8465C}.Release|Any CPU.Build.0 = Release|Any CPU
		{A9F9B9F0-8B88-4D93-89F8-6ECD4A33F073}.Debug|Any CPU.ActiveCfg = Debug|Any CPU
		{A9F9B9F0-8B88-4D93-89F8-6ECD4A33F073}.Debug|Any CPU.Build.0 = Debug|Any CPU
		{A9F9B9F0-8B88-4D93-89F8-6ECD4A33F073}.Release|Any CPU.ActiveCfg = Release|Any CPU
		{A9F9B9F0-8B88-4D93-89F8-6ECD4A33F073}.Release|Any CPU.Build.0 = Release|Any CPU
	EndGlobalSection
	GlobalSection(SolutionProperties) = preSolution
		HideSolutionNode = FALSE
	EndGlobalSection
	GlobalSection(NestedProjects) = preSolution
		{8D26A90B-80E9-4C89-80AC-ADF5F49BA40B} = {89D3C9E2-B3BF-4D05-83E3-6EEE47779DC5}
		{01277672-2D01-43A2-BC09-08B69A6C9787} = {8C23E4D0-901D-451E-99A5-ECA0ADFF9DB9}
		{10D7740A-0D2F-4BF7-A434-F10C8B50FFE8} = {8C23E4D0-901D-451E-99A5-ECA0ADFF9DB9}
		{2418DFF1-B5E0-477E-B628-A43ACEA436D3} = {05FA58EB-34F3-45F3-BFE7-EFF1A083F79F}
		{8DEE76DF-02AB-4674-817E-87569915C995} = {8C23E4D0-901D-451E-99A5-ECA0ADFF9DB9}
		{91BF1A45-818F-4568-921C-BADEF5B8465C} = {8C23E4D0-901D-451E-99A5-ECA0ADFF9DB9}
		{A9F9B9F0-8B88-4D93-89F8-6ECD4A33F073} = {8C23E4D0-901D-451E-99A5-ECA0ADFF9DB9}
	EndGlobalSection
	GlobalSection(ExtensibilityGlobals) = postSolution
		SolutionGuid = {2E41850D-A26E-43AD-86BE-9FB428737D11}
	EndGlobalSection
EndGlobal
